
Microsoft Visual Studio Solution File, Format Version 12.00
# Visual Studio Version 16
VisualStudioVersion = 16.0.31205.134
MinimumVisualStudioVersion = 10.0.40219.1
Project("{FAE04EC0-301F-11D3-BF4B-00C04F79EFBC}") = "PickRandomCards", "PickRandomCards.csproj", "{ECF19926-6D4F-4D86-A5A2-8DAE1B7E0827}"
EndProject
Global
	GlobalSection(SolutionConfigurationPlatforms) = preSolution
		Debug|Any CPU = Debug|Any CPU
		Release|Any CPU = Release|Any CPU
	EndGlobalSection
	GlobalSection(ProjectConfigurationPlatforms) = postSolution
		{ECF19926-6D4F-4D86-A5A2-8DAE1B7E0827}.Debug|Any CPU.ActiveCfg = Debug|Any CPU
		{ECF19926-6D4F-4D86-A5A2-8DAE1B7E0827}.Debug|Any CPU.Build.0 = Debug|Any CPU
		{ECF19926-6D4F-4D86-A5A2-8DAE1B7E0827}.Release|Any CPU.ActiveCfg = Release|Any CPU
		{ECF19926-6D4F-4D86-A5A2-8DAE1B7E0827}.Release|Any CPU.Build.0 = Release|Any CPU
	EndGlobalSection
	GlobalSection(SolutionProperties) = preSolution
		HideSolutionNode = FALSE
	EndGlobalSection
	GlobalSection(ExtensibilityGlobals) = postSolution
		SolutionGuid = {483E2660-5121-4BEC-A7CD-5A88975DFA0A}
	EndGlobalSection
EndGlobal
